
Microsoft Visual Studio Solution File, Format Version 12.00
# Visual Studio Version 17
VisualStudioVersion = 17.3.32929.385
MinimumVisualStudioVersion = 10.0.40219.1
Project("{FAE04EC0-301F-11D3-BF4B-00C04F79EFBC}") = "EnergyConsumptionBackendApp", "EnergyConsumptionBackendApp\EnergyConsumptionBackendApp.csproj", "{216DA0D3-DAB7-41FD-A187-97D2DEF028F8}"
EndProject
Global
	GlobalSection(SolutionConfigurationPlatforms) = preSolution
		Debug|Any CPU = Debug|Any CPU
		Release|Any CPU = Release|Any CPU
	EndGlobalSection
	GlobalSection(ProjectConfigurationPlatforms) = postSolution
		{216DA0D3-DAB7-41FD-A187-97D2DEF028F8}.Debug|Any CPU.ActiveCfg = Debug|Any CPU
		{216DA0D3-DAB7-41FD-A187-97D2DEF028F8}.Debug|Any CPU.Build.0 = Debug|Any CPU
		{216DA0D3-DAB7-41FD-A187-97D2DEF028F8}.Release|Any CPU.ActiveCfg = Release|Any CPU
		{216DA0D3-DAB7-41FD-A187-97D2DEF028F8}.Release|Any CPU.Build.0 = Release|Any CPU
	EndGlobalSection
	GlobalSection(SolutionProperties) = preSolution
		HideSolutionNode = FALSE
	EndGlobalSection
	GlobalSection(ExtensibilityGlobals) = postSolution
		SolutionGuid = {4DADBD02-613C-4092-975E-E29D590DB83D}
	EndGlobalSection
EndGlobal
